
Microsoft Visual Studio Solution File, Format Version 12.00
# Visual Studio Version 17
VisualStudioVersion = 17.5.33424.131
MinimumVisualStudioVersion = 10.0.40219.1
Project("{FAE04EC0-301F-11D3-BF4B-00C04F79EFBC}") = "ProductLinq", "ProductLinq\ProductLinq.csproj", "{2366A7F6-6D9D-4898-BA0F-0A912819CDF5}"
EndProject
Global
	GlobalSection(SolutionConfigurationPlatforms) = preSolution
		Debug|Any CPU = Debug|Any CPU
		Release|Any CPU = Release|Any CPU
	EndGlobalSection
	GlobalSection(ProjectConfigurationPlatforms) = postSolution
		{2366A7F6-6D9D-4898-BA0F-0A912819CDF5}.Debug|Any CPU.ActiveCfg = Debug|Any CPU
		{2366A7F6-6D9D-4898-BA0F-0A912819CDF5}.Debug|Any CPU.Build.0 = Debug|Any CPU
		{2366A7F6-6D9D-4898-BA0F-0A912819CDF5}.Release|Any CPU.ActiveCfg = Release|Any CPU
		{2366A7F6-6D9D-4898-BA0F-0A912819CDF5}.Release|Any CPU.Build.0 = Release|Any CPU
	EndGlobalSection
	GlobalSection(SolutionProperties) = preSolution
		HideSolutionNode = FALSE
	EndGlobalSection
	GlobalSection(ExtensibilityGlobals) = postSolution
		SolutionGuid = {423A125C-05E3-47D7-AD65-0994E86A9062}
	EndGlobalSection
EndGlobal
